// !$*UTF8*$!
{
	archiveVersion = 1;
	classes = {
	};
	objectVersion = 56;
	objects = {

/* Begin PBXBuildFile section */
		AC0004052CF71F0F009EDDFD /* SustainifyTests.swift in Sources */ = {isa = PBXBuildFile; fileRef = AC0004042CF71F0F009EDDFD /* SustainifyTests.swift */; };
		AC00040F2CF71F0F009EDDFD /* SustainifyUITests.swift in Sources */ = {isa = PBXBuildFile; fileRef = AC00040E2CF71F0F009EDDFD /* SustainifyUITests.swift */; };
		AC0004112CF71F0F009EDDFD /* SustainifyUITestsLaunchTests.swift in Sources */ = {isa = PBXBuildFile; fileRef = AC0004102CF71F0F009EDDFD /* SustainifyUITestsLaunchTests.swift */; };
		ACB79BDD2D1C8B8B00E3FBBB /* FirebaseAuth in Frameworks */ = {isa = PBXBuildFile; productRef = ACB79BDC2D1C8B8B00E3FBBB /* FirebaseAuth */; };
		ACB79BDF2D1C8B8B00E3FBBB /* FirebaseCore in Frameworks */ = {isa = PBXBuildFile; productRef = ACB79BDE2D1C8B8B00E3FBBB /* FirebaseCore */; };
		ACB79BE12D1C8B8B00E3FBBB /* FirebaseDatabase in Frameworks */ = {isa = PBXBuildFile; productRef = ACB79BE02D1C8B8B00E3FBBB /* FirebaseDatabase */; };
		ACB79BE32D1C8B8B00E3FBBB /* FirebaseFirestore in Frameworks */ = {isa = PBXBuildFile; productRef = ACB79BE22D1C8B8B00E3FBBB /* FirebaseFirestore */; };
		CEA0CD392D256D69004DAF5A /* AllItemsTableViewCell.swift in Sources */ = {isa = PBXBuildFile; fileRef = CEA0CD132D256D69004DAF5A /* AllItemsTableViewCell.swift */; };
		CEA0CD3A2D256D69004DAF5A /* IBDesignable.swift in Sources */ = {isa = PBXBuildFile; fileRef = CEA0CD2C2D256D69004DAF5A /* IBDesignable.swift */; };
		CEA0CD3B2D256D69004DAF5A /* Tag.swift in Sources */ = {isa = PBXBuildFile; fileRef = CEA0CCE92D256D69004DAF5A /* Tag.swift */; };
		CEA0CD3C2D256D69004DAF5A /* SustainTabBarController.swift in Sources */ = {isa = PBXBuildFile; fileRef = CEA0CD022D256D69004DAF5A /* SustainTabBarController.swift */; };
		CEA0CD3D2D256D69004DAF5A /* ViewController.swift in Sources */ = {isa = PBXBuildFile; fileRef = CEA0CD382D256D69004DAF5A /* ViewController.swift */; };
		CEA0CD3E2D256D69004DAF5A /* NavigationAnimation.swift in Sources */ = {isa = PBXBuildFile; fileRef = CEA0CD312D256D69004DAF5A /* NavigationAnimation.swift */; };
		CEA0CD3F2D256D69004DAF5A /* StoreInfoTableViewCell.swift in Sources */ = {isa = PBXBuildFile; fileRef = CEA0CD1B2D256D69004DAF5A /* StoreInfoTableViewCell.swift */; };
		CEA0CD402D256D69004DAF5A /* SceneDelegate.swift in Sources */ = {isa = PBXBuildFile; fileRef = CEA0CD122D256D69004DAF5A /* SceneDelegate.swift */; };
		CEA0CD412D256D69004DAF5A /* SustainabilityPopupViewController.swift in Sources */ = {isa = PBXBuildFile; fileRef = CEA0CD1D2D256D69004DAF5A /* SustainabilityPopupViewController.swift */; };
		CEA0CD422D256D69004DAF5A /* PITStackedCellController.swift in Sources */ = {isa = PBXBuildFile; fileRef = CEA0CD0B2D256D69004DAF5A /* PITStackedCellController.swift */; };
		CEA0CD432D256D69004DAF5A /* DeliveryAddressCell.swift in Sources */ = {isa = PBXBuildFile; fileRef = CEA0CCE02D256D69004DAF5A /* DeliveryAddressCell.swift */; };
		CEA0CD442D256D69004DAF5A /* ImpactTrackerViewController.swift in Sources */ = {isa = PBXBuildFile; fileRef = CEA0CCFD2D256D69004DAF5A /* ImpactTrackerViewController.swift */; };
		CEA0CD452D256D69004DAF5A /* ProductDetailsViewController.swift in Sources */ = {isa = PBXBuildFile; fileRef = CEA0CCED2D256D69004DAF5A /* ProductDetailsViewController.swift */; };
		CEA0CD462D256D69004DAF5A /* CartTableCell.swift in Sources */ = {isa = PBXBuildFile; fileRef = CEA0CCDB2D256D69004DAF5A /* CartTableCell.swift */; };
		CEA0CD472D256D69004DAF5A /* TagsTableViewCell.swift in Sources */ = {isa = PBXBuildFile; fileRef = CEA0CCEB2D256D69004DAF5A /* TagsTableViewCell.swift */; };
		CEA0CD482D256D69004DAF5A /* StoreTableViewCell.swift in Sources */ = {isa = PBXBuildFile; fileRef = CEA0CD1C2D256D69004DAF5A /* StoreTableViewCell.swift */; };
		CEA0CD492D256D69004DAF5A /* Date+Extension.swift in Sources */ = {isa = PBXBuildFile; fileRef = CEA0CD242D256D69004DAF5A /* Date+Extension.swift */; };
		CEA0CD4A2D256D69004DAF5A /* NavigationManager.swift in Sources */ = {isa = PBXBuildFile; fileRef = CEA0CD332D256D69004DAF5A /* NavigationManager.swift */; };
		CEA0CD4B2D256D69004DAF5A /* PaymentMethodCell.swift in Sources */ = {isa = PBXBuildFile; fileRef = CEA0CCE22D256D69004DAF5A /* PaymentMethodCell.swift */; };
		CEA0CD4C2D256D69004DAF5A /* ProductCell.swift in Sources */ = {isa = PBXBuildFile; fileRef = CEA0CCF52D256D69004DAF5A /* ProductCell.swift */; };
		CEA0CD4D2D256D69004DAF5A /* Voucher.swift in Sources */ = {isa = PBXBuildFile; fileRef = CEA0CCF32D256D69004DAF5A /* Voucher.swift */; };
		CEA0CD4E2D256D69004DAF5A /* CartViewController.swift in Sources */ = {isa = PBXBuildFile; fileRef = CEA0CCDE2D256D69004DAF5A /* CartViewController.swift */; };
		CEA0CD4F2D256D69004DAF5A /* HomeViewController.swift in Sources */ = {isa = PBXBuildFile; fileRef = CEA0CD182D256D69004DAF5A /* HomeViewController.swift */; };
		CEA0CD502D256D69004DAF5A /* UITableView+Extension.swift in Sources */ = {isa = PBXBuildFile; fileRef = CEA0CD272D256D69004DAF5A /* UITableView+Extension.swift */; };
		CEA0CD512D256D69004DAF5A /* AppDelegate.swift in Sources */ = {isa = PBXBuildFile; fileRef = CEA0CCD32D256D69004DAF5A /* AppDelegate.swift */; };
		CEA0CD522D256D69004DAF5A /* AlertType.swift in Sources */ = {isa = PBXBuildFile; fileRef = CEA0CD2F2D256D69004DAF5A /* AlertType.swift */; };
		CEA0CD532D256D69004DAF5A /* ProductViewController.swift in Sources */ = {isa = PBXBuildFile; fileRef = CEA0CCF82D256D69004DAF5A /* ProductViewController.swift */; };
		CEA0CD542D256D69004DAF5A /* PIT_data_types.swift in Sources */ = {isa = PBXBuildFile; fileRef = CEA0CD222D256D69004DAF5A /* PIT_data_types.swift */; };
		CEA0CD552D256D69004DAF5A /* PaymentMethod.swift in Sources */ = {isa = PBXBuildFile; fileRef = CEA0CCF02D256D69004DAF5A /* PaymentMethod.swift */; };
		CEA0CD562D256D69004DAF5A /* DeliveryController.swift in Sources */ = {isa = PBXBuildFile; fileRef = CEA0CCD42D256D69004DAF5A /* DeliveryController.swift */; };
		CEA0CD572D256D69004DAF5A /* AlertActionType.swift in Sources */ = {isa = PBXBuildFile; fileRef = CEA0CD2E2D256D69004DAF5A /* AlertActionType.swift */; };
		CEA0CD582D256D69004DAF5A /* BestSellingItemsTableViewCell.swift in Sources */ = {isa = PBXBuildFile; fileRef = CEA0CD142D256D69004DAF5A /* BestSellingItemsTableViewCell.swift */; };
		CEA0CD592D256D69004DAF5A /* NonAppTableController.swift in Sources */ = {isa = PBXBuildFile; fileRef = CEA0CD092D256D69004DAF5A /* NonAppTableController.swift */; };
		CEA0CD5A2D256D69004DAF5A /* PITController.swift in Sources */ = {isa = PBXBuildFile; fileRef = CEA0CD0A2D256D69004DAF5A /* PITController.swift */; };
		CEA0CD5B2D256D69004DAF5A /* Double+Extension.swift in Sources */ = {isa = PBXBuildFile; fileRef = CEA0CD252D256D69004DAF5A /* Double+Extension.swift */; };
		CEA0CD5C2D256D69004DAF5A /* ProductsViewController.swift in Sources */ = {isa = PBXBuildFile; fileRef = CEA0CD192D256D69004DAF5A /* ProductsViewController.swift */; };
		CEA0CD5D2D256D69004DAF5A /* String+Extension.swift in Sources */ = {isa = PBXBuildFile; fileRef = CEA0CD262D256D69004DAF5A /* String+Extension.swift */; };
		CEA0CD5E2D256D69004DAF5A /* DropdownItemCell.swift in Sources */ = {isa = PBXBuildFile; fileRef = CEA0CD172D256D69004DAF5A /* DropdownItemCell.swift */; };
		CEA0CD5F2D256D69004DAF5A /* RetailStore.swift in Sources */ = {isa = PBXBuildFile; fileRef = CEA0CCF22D256D69004DAF5A /* RetailStore.swift */; };
		CEA0CD602D256D69004DAF5A /* NonAppFormController.swift in Sources */ = {isa = PBXBuildFile; fileRef = CEA0CCFB2D256D69004DAF5A /* NonAppFormController.swift */; };
		CEA0CD612D256D69004DAF5A /* FirebaseManager.swift in Sources */ = {isa = PBXBuildFile; fileRef = CEA0CD2A2D256D69004DAF5A /* FirebaseManager.swift */; };
		CEA0CD622D256D69004DAF5A /* TabItem.swift in Sources */ = {isa = PBXBuildFile; fileRef = CEA0CD032D256D69004DAF5A /* TabItem.swift */; };
		CEA0CD632D256D69004DAF5A /* Product.swift in Sources */ = {isa = PBXBuildFile; fileRef = CEA0CCF12D256D69004DAF5A /* Product.swift */; };
		CEA0CD642D256D69004DAF5A /* NonAppProductsViewController.swift in Sources */ = {isa = PBXBuildFile; fileRef = CEA0CCFF2D256D69004DAF5A /* NonAppProductsViewController.swift */; };
		CEA0CD652D256D69004DAF5A /* DataManager.swift in Sources */ = {isa = PBXBuildFile; fileRef = CEA0CD162D256D69004DAF5A /* DataManager.swift */; };
		CEA0CD662D256D69004DAF5A /* PriceBreakdownCell.swift in Sources */ = {isa = PBXBuildFile; fileRef = CEA0CCE42D256D69004DAF5A /* PriceBreakdownCell.swift */; };
		CEA0CD672D256D69004DAF5A /* Storyboard.swift in Sources */ = {isa = PBXBuildFile; fileRef = CEA0CD342D256D69004DAF5A /* Storyboard.swift */; };
		CEA0CD682D256D69004DAF5A /* StoryboardID.swift in Sources */ = {isa = PBXBuildFile; fileRef = CEA0CD352D256D69004DAF5A /* StoryboardID.swift */; };
		CEA0CD692D256D69004DAF5A /* UIViewController+Extension.swift in Sources */ = {isa = PBXBuildFile; fileRef = CEA0CD282D256D69004DAF5A /* UIViewController+Extension.swift */; };
		CEA0CD6A2D256D69004DAF5A /* FontManager.swift in Sources */ = {isa = PBXBuildFile; fileRef = CEA0CCD62D256D69004DAF5A /* FontManager.swift */; };
		CEA0CD6B2D256D69004DAF5A /* CheckOutViewController.swift in Sources */ = {isa = PBXBuildFile; fileRef = CEA0CCE72D256D69004DAF5A /* CheckOutViewController.swift */; };
		CEA0CD6C2D256D69004DAF5A /* StoreDetailsViewController.swift in Sources */ = {isa = PBXBuildFile; fileRef = CEA0CD1A2D256D69004DAF5A /* StoreDetailsViewController.swift */; };
		CEA0CD6D2D256D69004DAF5A /* NavigationIntent.swift in Sources */ = {isa = PBXBuildFile; fileRef = CEA0CD322D256D69004DAF5A /* NavigationIntent.swift */; };
		CEA0CD6E2D256D69004DAF5A /* LaunchScreen.storyboard in Resources */ = {isa = PBXBuildFile; fileRef = CEA0CCD92D256D69004DAF5A /* LaunchScreen.storyboard */; };
		CEA0CD6F2D256D69004DAF5A /* MoPIT.storyboard in Resources */ = {isa = PBXBuildFile; fileRef = CEA0CD062D256D69004DAF5A /* MoPIT.storyboard */; };
		CEA0CD702D256D69004DAF5A /* PriceBreakdownCell.xib in Resources */ = {isa = PBXBuildFile; fileRef = CEA0CCE52D256D69004DAF5A /* PriceBreakdownCell.xib */; };
		CEA0CD722D256D69004DAF5A /* CartTableCell.xib in Resources */ = {isa = PBXBuildFile; fileRef = CEA0CCDC2D256D69004DAF5A /* CartTableCell.xib */; };
		CEA0CD732D256D69004DAF5A /* ProductCell.xib in Resources */ = {isa = PBXBuildFile; fileRef = CEA0CCF62D256D69004DAF5A /* ProductCell.xib */; };
		CEA0CD742D256D69004DAF5A /* MohamedAssets.xcassets in Resources */ = {isa = PBXBuildFile; fileRef = CEA0CD102D256D69004DAF5A /* MohamedAssets.xcassets */; };
		CEA0CD752D256D69004DAF5A /* PaymentMethodCell.xib in Resources */ = {isa = PBXBuildFile; fileRef = CEA0CCE32D256D69004DAF5A /* PaymentMethodCell.xib */; };
		CEA0CD762D256D69004DAF5A /* Main.storyboard in Resources */ = {isa = PBXBuildFile; fileRef = CEA0CCDA2D256D69004DAF5A /* Main.storyboard */; };
		CEA0CD772D256D69004DAF5A /* DeliveryAddressCell.xib in Resources */ = {isa = PBXBuildFile; fileRef = CEA0CCE12D256D69004DAF5A /* DeliveryAddressCell.xib */; };
		CEA0CD782D256D69004DAF5A /* GoogleService-Info.plist in Resources */ = {isa = PBXBuildFile; fileRef = CEA0CD0F2D256D69004DAF5A /* GoogleService-Info.plist */; };
		CEA0CD792D256D69004DAF5A /* MoUsrChkout.storyboard in Resources */ = {isa = PBXBuildFile; fileRef = CEA0CD072D256D69004DAF5A /* MoUsrChkout.storyboard */; };
		CEA0CD7A2D256D69004DAF5A /* CheckOut.storyboard in Resources */ = {isa = PBXBuildFile; fileRef = CEA0CD1F2D256D69004DAF5A /* CheckOut.storyboard */; };
		CEA0CD7B2D256D69004DAF5A /* PIT.storyboard in Resources */ = {isa = PBXBuildFile; fileRef = CEA0CD202D256D69004DAF5A /* PIT.storyboard */; };
		CEA0CD7C2D256D69004DAF5A /* Assets.xcassets in Resources */ = {isa = PBXBuildFile; fileRef = CEA0CD0D2D256D69004DAF5A /* Assets.xcassets */; };
		CEA0CD7D2D256D69004DAF5A /* Colors.xcassets in Resources */ = {isa = PBXBuildFile; fileRef = CEA0CD0E2D256D69004DAF5A /* Colors.xcassets */; };
		CEA0CD7E2D256D69004DAF5A /* CustomAssets.xcassets in Resources */ = {isa = PBXBuildFile; fileRef = CEA0CD152D256D69004DAF5A /* CustomAssets.xcassets */; };
/* End PBXBuildFile section */

/* Begin PBXContainerItemProxy section */
		AC0004012CF71F0F009EDDFD /* PBXContainerItemProxy */ = {
			isa = PBXContainerItemProxy;
			containerPortal = AC0003E22CF71F0C009EDDFD /* Project object */;
			proxyType = 1;
			remoteGlobalIDString = AC0003E92CF71F0C009EDDFD;
			remoteInfo = Sustainify;
		};
		AC00040B2CF71F0F009EDDFD /* PBXContainerItemProxy */ = {
			isa = PBXContainerItemProxy;
			containerPortal = AC0003E22CF71F0C009EDDFD /* Project object */;
			proxyType = 1;
			remoteGlobalIDString = AC0003E92CF71F0C009EDDFD;
			remoteInfo = Sustainify;
		};
/* End PBXContainerItemProxy section */

/* Begin PBXFileReference section */
		AC0003EA2CF71F0C009EDDFD /* Sustainify.app */ = {isa = PBXFileReference; explicitFileType = wrapper.application; includeInIndex = 0; path = Sustainify.app; sourceTree = BUILT_PRODUCTS_DIR; };
		AC0004002CF71F0F009EDDFD /* SustainifyTests.xctest */ = {isa = PBXFileReference; explicitFileType = wrapper.cfbundle; includeInIndex = 0; path = SustainifyTests.xctest; sourceTree = BUILT_PRODUCTS_DIR; };
		AC0004042CF71F0F009EDDFD /* SustainifyTests.swift */ = {isa = PBXFileReference; lastKnownFileType = sourcecode.swift; path = SustainifyTests.swift; sourceTree = "<group>"; };
		AC00040A2CF71F0F009EDDFD /* SustainifyUITests.xctest */ = {isa = PBXFileReference; explicitFileType = wrapper.cfbundle; includeInIndex = 0; path = SustainifyUITests.xctest; sourceTree = BUILT_PRODUCTS_DIR; };
		AC00040E2CF71F0F009EDDFD /* SustainifyUITests.swift */ = {isa = PBXFileReference; lastKnownFileType = sourcecode.swift; path = SustainifyUITests.swift; sourceTree = "<group>"; };
		AC0004102CF71F0F009EDDFD /* SustainifyUITestsLaunchTests.swift */ = {isa = PBXFileReference; lastKnownFileType = sourcecode.swift; path = SustainifyUITestsLaunchTests.swift; sourceTree = "<group>"; };
		CEA0CCD32D256D69004DAF5A /* AppDelegate.swift */ = {isa = PBXFileReference; lastKnownFileType = sourcecode.swift; path = AppDelegate.swift; sourceTree = "<group>"; };
		CEA0CCD42D256D69004DAF5A /* DeliveryController.swift */ = {isa = PBXFileReference; lastKnownFileType = sourcecode.swift; path = DeliveryController.swift; sourceTree = "<group>"; };
		CEA0CCD62D256D69004DAF5A /* FontManager.swift */ = {isa = PBXFileReference; lastKnownFileType = sourcecode.swift; path = FontManager.swift; sourceTree = "<group>"; };
		CEA0CCD82D256D69004DAF5A /* Info.plist */ = {isa = PBXFileReference; lastKnownFileType = text.plist.xml; path = Info.plist; sourceTree = "<group>"; };
		CEA0CCD92D256D69004DAF5A /* LaunchScreen.storyboard */ = {isa = PBXFileReference; lastKnownFileType = file.storyboard; path = LaunchScreen.storyboard; sourceTree = "<group>"; };
		CEA0CCDA2D256D69004DAF5A /* Main.storyboard */ = {isa = PBXFileReference; lastKnownFileType = file.storyboard; path = Main.storyboard; sourceTree = "<group>"; };
		CEA0CCDB2D256D69004DAF5A /* CartTableCell.swift */ = {isa = PBXFileReference; lastKnownFileType = sourcecode.swift; path = CartTableCell.swift; sourceTree = "<group>"; };
		CEA0CCDC2D256D69004DAF5A /* CartTableCell.xib */ = {isa = PBXFileReference; lastKnownFileType = file.xib; path = CartTableCell.xib; sourceTree = "<group>"; };
		CEA0CCDE2D256D69004DAF5A /* CartViewController.swift */ = {isa = PBXFileReference; lastKnownFileType = sourcecode.swift; path = CartViewController.swift; sourceTree = "<group>"; };
		CEA0CCE02D256D69004DAF5A /* DeliveryAddressCell.swift */ = {isa = PBXFileReference; lastKnownFileType = sourcecode.swift; path = DeliveryAddressCell.swift; sourceTree = "<group>"; };
		CEA0CCE12D256D69004DAF5A /* DeliveryAddressCell.xib */ = {isa = PBXFileReference; lastKnownFileType = file.xib; path = DeliveryAddressCell.xib; sourceTree = "<group>"; };
		CEA0CCE22D256D69004DAF5A /* PaymentMethodCell.swift */ = {isa = PBXFileReference; lastKnownFileType = sourcecode.swift; path = PaymentMethodCell.swift; sourceTree = "<group>"; };
		CEA0CCE32D256D69004DAF5A /* PaymentMethodCell.xib */ = {isa = PBXFileReference; lastKnownFileType = file.xib; path = PaymentMethodCell.xib; sourceTree = "<group>"; };
		CEA0CCE42D256D69004DAF5A /* PriceBreakdownCell.swift */ = {isa = PBXFileReference; lastKnownFileType = sourcecode.swift; path = PriceBreakdownCell.swift; sourceTree = "<group>"; };
		CEA0CCE52D256D69004DAF5A /* PriceBreakdownCell.xib */ = {isa = PBXFileReference; lastKnownFileType = file.xib; path = PriceBreakdownCell.xib; sourceTree = "<group>"; };
		CEA0CCE72D256D69004DAF5A /* CheckOutViewController.swift */ = {isa = PBXFileReference; lastKnownFileType = sourcecode.swift; path = CheckOutViewController.swift; sourceTree = "<group>"; };
		CEA0CCE92D256D69004DAF5A /* Tag.swift */ = {isa = PBXFileReference; lastKnownFileType = sourcecode.swift; path = Tag.swift; sourceTree = "<group>"; };
		CEA0CCEB2D256D69004DAF5A /* TagsTableViewCell.swift */ = {isa = PBXFileReference; lastKnownFileType = sourcecode.swift; path = TagsTableViewCell.swift; sourceTree = "<group>"; };
		CEA0CCED2D256D69004DAF5A /* ProductDetailsViewController.swift */ = {isa = PBXFileReference; lastKnownFileType = sourcecode.swift; path = ProductDetailsViewController.swift; sourceTree = "<group>"; };
		CEA0CCF02D256D69004DAF5A /* PaymentMethod.swift */ = {isa = PBXFileReference; lastKnownFileType = sourcecode.swift; path = PaymentMethod.swift; sourceTree = "<group>"; };
		CEA0CCF12D256D69004DAF5A /* Product.swift */ = {isa = PBXFileReference; lastKnownFileType = sourcecode.swift; path = Product.swift; sourceTree = "<group>"; };
		CEA0CCF22D256D69004DAF5A /* RetailStore.swift */ = {isa = PBXFileReference; lastKnownFileType = sourcecode.swift; path = RetailStore.swift; sourceTree = "<group>"; };
		CEA0CCF32D256D69004DAF5A /* Voucher.swift */ = {isa = PBXFileReference; lastKnownFileType = sourcecode.swift; path = Voucher.swift; sourceTree = "<group>"; };
		CEA0CCF52D256D69004DAF5A /* ProductCell.swift */ = {isa = PBXFileReference; lastKnownFileType = sourcecode.swift; path = ProductCell.swift; sourceTree = "<group>"; };
		CEA0CCF62D256D69004DAF5A /* ProductCell.xib */ = {isa = PBXFileReference; lastKnownFileType = file.xib; path = ProductCell.xib; sourceTree = "<group>"; };
		CEA0CCF82D256D69004DAF5A /* ProductViewController.swift */ = {isa = PBXFileReference; lastKnownFileType = sourcecode.swift; path = ProductViewController.swift; sourceTree = "<group>"; };
		CEA0CCFB2D256D69004DAF5A /* NonAppFormController.swift */ = {isa = PBXFileReference; lastKnownFileType = sourcecode.swift; path = NonAppFormController.swift; sourceTree = "<group>"; };
		CEA0CCFD2D256D69004DAF5A /* ImpactTrackerViewController.swift */ = {isa = PBXFileReference; lastKnownFileType = sourcecode.swift; path = ImpactTrackerViewController.swift; sourceTree = "<group>"; };
		CEA0CCFF2D256D69004DAF5A /* NonAppProductsViewController.swift */ = {isa = PBXFileReference; lastKnownFileType = sourcecode.swift; path = NonAppProductsViewController.swift; sourceTree = "<group>"; };
		CEA0CD022D256D69004DAF5A /* SustainTabBarController.swift */ = {isa = PBXFileReference; lastKnownFileType = sourcecode.swift; path = SustainTabBarController.swift; sourceTree = "<group>"; };
		CEA0CD032D256D69004DAF5A /* TabItem.swift */ = {isa = PBXFileReference; lastKnownFileType = sourcecode.swift; path = TabItem.swift; sourceTree = "<group>"; };
		CEA0CD062D256D69004DAF5A /* MoPIT.storyboard */ = {isa = PBXFileReference; lastKnownFileType = file.storyboard; path = MoPIT.storyboard; sourceTree = "<group>"; };
		CEA0CD072D256D69004DAF5A /* MoUsrChkout.storyboard */ = {isa = PBXFileReference; lastKnownFileType = file.storyboard; path = MoUsrChkout.storyboard; sourceTree = "<group>"; };
		CEA0CD092D256D69004DAF5A /* NonAppTableController.swift */ = {isa = PBXFileReference; lastKnownFileType = sourcecode.swift; path = NonAppTableController.swift; sourceTree = "<group>"; };
		CEA0CD0A2D256D69004DAF5A /* PITController.swift */ = {isa = PBXFileReference; lastKnownFileType = sourcecode.swift; path = PITController.swift; sourceTree = "<group>"; };
		CEA0CD0B2D256D69004DAF5A /* PITStackedCellController.swift */ = {isa = PBXFileReference; lastKnownFileType = sourcecode.swift; path = PITStackedCellController.swift; sourceTree = "<group>"; };
		CEA0CD0D2D256D69004DAF5A /* Assets.xcassets */ = {isa = PBXFileReference; lastKnownFileType = folder.assetcatalog; path = Assets.xcassets; sourceTree = "<group>"; };
		CEA0CD0E2D256D69004DAF5A /* Colors.xcassets */ = {isa = PBXFileReference; lastKnownFileType = folder.assetcatalog; path = Colors.xcassets; sourceTree = "<group>"; };
		CEA0CD0F2D256D69004DAF5A /* GoogleService-Info.plist */ = {isa = PBXFileReference; lastKnownFileType = text.plist.xml; path = "GoogleService-Info.plist"; sourceTree = "<group>"; };
		CEA0CD102D256D69004DAF5A /* MohamedAssets.xcassets */ = {isa = PBXFileReference; lastKnownFileType = folder.assetcatalog; path = MohamedAssets.xcassets; sourceTree = "<group>"; };
		CEA0CD122D256D69004DAF5A /* SceneDelegate.swift */ = {isa = PBXFileReference; lastKnownFileType = sourcecode.swift; path = SceneDelegate.swift; sourceTree = "<group>"; };
		CEA0CD132D256D69004DAF5A /* AllItemsTableViewCell.swift */ = {isa = PBXFileReference; lastKnownFileType = sourcecode.swift; path = AllItemsTableViewCell.swift; sourceTree = "<group>"; };
		CEA0CD142D256D69004DAF5A /* BestSellingItemsTableViewCell.swift */ = {isa = PBXFileReference; lastKnownFileType = sourcecode.swift; path = BestSellingItemsTableViewCell.swift; sourceTree = "<group>"; };
		CEA0CD152D256D69004DAF5A /* CustomAssets.xcassets */ = {isa = PBXFileReference; lastKnownFileType = folder.assetcatalog; path = CustomAssets.xcassets; sourceTree = "<group>"; };
		CEA0CD162D256D69004DAF5A /* DataManager.swift */ = {isa = PBXFileReference; lastKnownFileType = sourcecode.swift; path = DataManager.swift; sourceTree = "<group>"; };
		CEA0CD172D256D69004DAF5A /* DropdownItemCell.swift */ = {isa = PBXFileReference; lastKnownFileType = sourcecode.swift; path = DropdownItemCell.swift; sourceTree = "<group>"; };
		CEA0CD182D256D69004DAF5A /* HomeViewController.swift */ = {isa = PBXFileReference; lastKnownFileType = sourcecode.swift; path = HomeViewController.swift; sourceTree = "<group>"; };
		CEA0CD192D256D69004DAF5A /* ProductsViewController.swift */ = {isa = PBXFileReference; lastKnownFileType = sourcecode.swift; path = ProductsViewController.swift; sourceTree = "<group>"; };
		CEA0CD1A2D256D69004DAF5A /* StoreDetailsViewController.swift */ = {isa = PBXFileReference; lastKnownFileType = sourcecode.swift; path = StoreDetailsViewController.swift; sourceTree = "<group>"; };
		CEA0CD1B2D256D69004DAF5A /* StoreInfoTableViewCell.swift */ = {isa = PBXFileReference; lastKnownFileType = sourcecode.swift; path = StoreInfoTableViewCell.swift; sourceTree = "<group>"; };
		CEA0CD1C2D256D69004DAF5A /* StoreTableViewCell.swift */ = {isa = PBXFileReference; lastKnownFileType = sourcecode.swift; path = StoreTableViewCell.swift; sourceTree = "<group>"; };
		CEA0CD1D2D256D69004DAF5A /* SustainabilityPopupViewController.swift */ = {isa = PBXFileReference; lastKnownFileType = sourcecode.swift; path = SustainabilityPopupViewController.swift; sourceTree = "<group>"; };
		CEA0CD1F2D256D69004DAF5A /* CheckOut.storyboard */ = {isa = PBXFileReference; lastKnownFileType = file.storyboard; path = CheckOut.storyboard; sourceTree = "<group>"; };
		CEA0CD202D256D69004DAF5A /* PIT.storyboard */ = {isa = PBXFileReference; lastKnownFileType = file.storyboard; path = PIT.storyboard; sourceTree = "<group>"; };
		CEA0CD222D256D69004DAF5A /* PIT_data_types.swift */ = {isa = PBXFileReference; lastKnownFileType = sourcecode.swift; path = PIT_data_types.swift; sourceTree = "<group>"; };
		CEA0CD242D256D69004DAF5A /* Date+Extension.swift */ = {isa = PBXFileReference; lastKnownFileType = sourcecode.swift; path = "Date+Extension.swift"; sourceTree = "<group>"; };
		CEA0CD252D256D69004DAF5A /* Double+Extension.swift */ = {isa = PBXFileReference; lastKnownFileType = sourcecode.swift; path = "Double+Extension.swift"; sourceTree = "<group>"; };
		CEA0CD262D256D69004DAF5A /* String+Extension.swift */ = {isa = PBXFileReference; lastKnownFileType = sourcecode.swift; path = "String+Extension.swift"; sourceTree = "<group>"; };
		CEA0CD272D256D69004DAF5A /* UITableView+Extension.swift */ = {isa = PBXFileReference; lastKnownFileType = sourcecode.swift; path = "UITableView+Extension.swift"; sourceTree = "<group>"; };
		CEA0CD282D256D69004DAF5A /* UIViewController+Extension.swift */ = {isa = PBXFileReference; lastKnownFileType = sourcecode.swift; path = "UIViewController+Extension.swift"; sourceTree = "<group>"; };
		CEA0CD2A2D256D69004DAF5A /* FirebaseManager.swift */ = {isa = PBXFileReference; lastKnownFileType = sourcecode.swift; path = FirebaseManager.swift; sourceTree = "<group>"; };
		CEA0CD2C2D256D69004DAF5A /* IBDesignable.swift */ = {isa = PBXFileReference; lastKnownFileType = sourcecode.swift; path = IBDesignable.swift; sourceTree = "<group>"; };
		CEA0CD2E2D256D69004DAF5A /* AlertActionType.swift */ = {isa = PBXFileReference; lastKnownFileType = sourcecode.swift; path = AlertActionType.swift; sourceTree = "<group>"; };
		CEA0CD2F2D256D69004DAF5A /* AlertType.swift */ = {isa = PBXFileReference; lastKnownFileType = sourcecode.swift; path = AlertType.swift; sourceTree = "<group>"; };
		CEA0CD312D256D69004DAF5A /* NavigationAnimation.swift */ = {isa = PBXFileReference; lastKnownFileType = sourcecode.swift; path = NavigationAnimation.swift; sourceTree = "<group>"; };
		CEA0CD322D256D69004DAF5A /* NavigationIntent.swift */ = {isa = PBXFileReference; lastKnownFileType = sourcecode.swift; path = NavigationIntent.swift; sourceTree = "<group>"; };
		CEA0CD332D256D69004DAF5A /* NavigationManager.swift */ = {isa = PBXFileReference; lastKnownFileType = sourcecode.swift; path = NavigationManager.swift; sourceTree = "<group>"; };
		CEA0CD342D256D69004DAF5A /* Storyboard.swift */ = {isa = PBXFileReference; lastKnownFileType = sourcecode.swift; path = Storyboard.swift; sourceTree = "<group>"; };
		CEA0CD352D256D69004DAF5A /* StoryboardID.swift */ = {isa = PBXFileReference; lastKnownFileType = sourcecode.swift; path = StoryboardID.swift; sourceTree = "<group>"; };
		CEA0CD382D256D69004DAF5A /* ViewController.swift */ = {isa = PBXFileReference; lastKnownFileType = sourcecode.swift; path = ViewController.swift; sourceTree = "<group>"; };
/* End PBXFileReference section */

/* Begin PBXFrameworksBuildPhase section */
		AC0003E72CF71F0C009EDDFD /* Frameworks */ = {
			isa = PBXFrameworksBuildPhase;
			buildActionMask = 2147483647;
			files = (
				ACB79BE12D1C8B8B00E3FBBB /* FirebaseDatabase in Frameworks */,
				ACB79BE32D1C8B8B00E3FBBB /* FirebaseFirestore in Frameworks */,
				ACB79BDF2D1C8B8B00E3FBBB /* FirebaseCore in Frameworks */,
				ACB79BDD2D1C8B8B00E3FBBB /* FirebaseAuth in Frameworks */,
			);
			runOnlyForDeploymentPostprocessing = 0;
		};
		AC0003FD2CF71F0F009EDDFD /* Frameworks */ = {
			isa = PBXFrameworksBuildPhase;
			buildActionMask = 2147483647;
			files = (
			);
			runOnlyForDeploymentPostprocessing = 0;
		};
		AC0004072CF71F0F009EDDFD /* Frameworks */ = {
			isa = PBXFrameworksBuildPhase;
			buildActionMask = 2147483647;
			files = (
			);
			runOnlyForDeploymentPostprocessing = 0;
		};
/* End PBXFrameworksBuildPhase section */

/* Begin PBXGroup section */
		AC0003E12CF71F0C009EDDFD = {
			isa = PBXGroup;
			children = (
				AC0003EC2CF71F0C009EDDFD /* Sustainify */,
				AC0004032CF71F0F009EDDFD /* SustainifyTests */,
				AC00040D2CF71F0F009EDDFD /* SustainifyUITests */,
				AC0003EB2CF71F0C009EDDFD /* Products */,
			);
			sourceTree = "<group>";
		};
		AC0003EB2CF71F0C009EDDFD /* Products */ = {
			isa = PBXGroup;
			children = (
				AC0003EA2CF71F0C009EDDFD /* Sustainify.app */,
				AC0004002CF71F0F009EDDFD /* SustainifyTests.xctest */,
				AC00040A2CF71F0F009EDDFD /* SustainifyUITests.xctest */,
			);
			name = Products;
			sourceTree = "<group>";
		};
		AC0003EC2CF71F0C009EDDFD /* Sustainify */ = {
			isa = PBXGroup;
			children = (
				CEA0CCD32D256D69004DAF5A /* AppDelegate.swift */,
				CEA0CCD52D256D69004DAF5A /* ChkoutControllers */,
				CEA0CCD72D256D69004DAF5A /* Extensions */,
				CEA0CCD82D256D69004DAF5A /* Info.plist */,
				CEA0CCD92D256D69004DAF5A /* LaunchScreen.storyboard */,
				CEA0CCDA2D256D69004DAF5A /* Main.storyboard */,
				CEA0CD052D256D69004DAF5A /* Modules */,
				CEA0CD082D256D69004DAF5A /* MoWal Storybords */,
				CEA0CD0C2D256D69004DAF5A /* PITControllers */,
				CEA0CD112D256D69004DAF5A /* Resources */,
				CEA0CD122D256D69004DAF5A /* SceneDelegate.swift */,
				CEA0CD1E2D256D69004DAF5A /* StoreControllers */,
				CEA0CD212D256D69004DAF5A /* StoryBoards */,
				CEA0CD232D256D69004DAF5A /* structs */,
				CEA0CD372D256D69004DAF5A /* Utilities */,
				CEA0CD382D256D69004DAF5A /* ViewController.swift */,
			);
			path = Sustainify;
			sourceTree = "<group>";
		};
		AC0004032CF71F0F009EDDFD /* SustainifyTests */ = {
			isa = PBXGroup;
			children = (
				AC0004042CF71F0F009EDDFD /* SustainifyTests.swift */,
			);
			path = SustainifyTests;
			sourceTree = "<group>";
		};
		AC00040D2CF71F0F009EDDFD /* SustainifyUITests */ = {
			isa = PBXGroup;
			children = (
				AC00040E2CF71F0F009EDDFD /* SustainifyUITests.swift */,
				AC0004102CF71F0F009EDDFD /* SustainifyUITestsLaunchTests.swift */,
			);
			path = SustainifyUITests;
			sourceTree = "<group>";
		};
		CEA0CCD52D256D69004DAF5A /* ChkoutControllers */ = {
			isa = PBXGroup;
			children = (
				CEA0CCD42D256D69004DAF5A /* DeliveryController.swift */,
			);
			path = ChkoutControllers;
			sourceTree = "<group>";
		};
		CEA0CCD72D256D69004DAF5A /* Extensions */ = {
			isa = PBXGroup;
			children = (
				CEA0CCD62D256D69004DAF5A /* FontManager.swift */,
			);
			path = Extensions;
			sourceTree = "<group>";
		};
		CEA0CCDD2D256D69004DAF5A /* TblCells */ = {
			isa = PBXGroup;
			children = (
				CEA0CCDB2D256D69004DAF5A /* CartTableCell.swift */,
				CEA0CCDC2D256D69004DAF5A /* CartTableCell.xib */,
			);
			path = TblCells;
			sourceTree = "<group>";
		};
		CEA0CCDF2D256D69004DAF5A /* Cart */ = {
			isa = PBXGroup;
			children = (
				CEA0CCDD2D256D69004DAF5A /* TblCells */,
				CEA0CCDE2D256D69004DAF5A /* CartViewController.swift */,
			);
			path = Cart;
			sourceTree = "<group>";
		};
		CEA0CCE62D256D69004DAF5A /* TblCell */ = {
			isa = PBXGroup;
			children = (
				CEA0CCE02D256D69004DAF5A /* DeliveryAddressCell.swift */,
				CEA0CCE12D256D69004DAF5A /* DeliveryAddressCell.xib */,
				CEA0CCE22D256D69004DAF5A /* PaymentMethodCell.swift */,
				CEA0CCE32D256D69004DAF5A /* PaymentMethodCell.xib */,
				CEA0CCE42D256D69004DAF5A /* PriceBreakdownCell.swift */,
				CEA0CCE52D256D69004DAF5A /* PriceBreakdownCell.xib */,
			);
			path = TblCell;
			sourceTree = "<group>";
		};
		CEA0CCE82D256D69004DAF5A /* CheckoutView */ = {
			isa = PBXGroup;
			children = (
				CEA0CCE62D256D69004DAF5A /* TblCell */,
				CEA0CCE72D256D69004DAF5A /* CheckOutViewController.swift */,
			);
			path = CheckoutView;
			sourceTree = "<group>";
		};
		CEA0CCEA2D256D69004DAF5A /* Model */ = {
			isa = PBXGroup;
			children = (
				CEA0CCE92D256D69004DAF5A /* Tag.swift */,
			);
			path = Model;
			sourceTree = "<group>";
		};
		CEA0CCEC2D256D69004DAF5A /* TblCells */ = {
			isa = PBXGroup;
			children = (
				CEA0CCEB2D256D69004DAF5A /* TagsTableViewCell.swift */,
			);
			path = TblCells;
			sourceTree = "<group>";
		};
		CEA0CCEE2D256D69004DAF5A /* ViewController */ = {
			isa = PBXGroup;
			children = (
				CEA0CCED2D256D69004DAF5A /* ProductDetailsViewController.swift */,
			);
			path = ViewController;
			sourceTree = "<group>";
		};
		CEA0CCEF2D256D69004DAF5A /* ProductDetail */ = {
			isa = PBXGroup;
			children = (
				CEA0CCEA2D256D69004DAF5A /* Model */,
				CEA0CCEC2D256D69004DAF5A /* TblCells */,
				CEA0CCEE2D256D69004DAF5A /* ViewController */,
			);
			path = ProductDetail;
			sourceTree = "<group>";
		};
		CEA0CCF42D256D69004DAF5A /* Model */ = {
			isa = PBXGroup;
			children = (
				CEA0CCF02D256D69004DAF5A /* PaymentMethod.swift */,
				CEA0CCF12D256D69004DAF5A /* Product.swift */,
				CEA0CCF22D256D69004DAF5A /* RetailStore.swift */,
				CEA0CCF32D256D69004DAF5A /* Voucher.swift */,
			);
			path = Model;
			sourceTree = "<group>";
		};
		CEA0CCF72D256D69004DAF5A /* TblCells */ = {
			isa = PBXGroup;
			children = (
				CEA0CCF52D256D69004DAF5A /* ProductCell.swift */,
				CEA0CCF62D256D69004DAF5A /* ProductCell.xib */,
			);
			path = TblCells;
			sourceTree = "<group>";
		};
		CEA0CCF92D256D69004DAF5A /* Products */ = {
			isa = PBXGroup;
			children = (
				CEA0CCF42D256D69004DAF5A /* Model */,
				CEA0CCF72D256D69004DAF5A /* TblCells */,
				CEA0CCF82D256D69004DAF5A /* ProductViewController.swift */,
			);
			path = Products;
			sourceTree = "<group>";
		};
		CEA0CCFA2D256D69004DAF5A /* CheckOut */ = {
			isa = PBXGroup;
			children = (
				CEA0CCDF2D256D69004DAF5A /* Cart */,
				CEA0CCE82D256D69004DAF5A /* CheckoutView */,
				CEA0CCEF2D256D69004DAF5A /* ProductDetail */,
				CEA0CCF92D256D69004DAF5A /* Products */,
			);
			path = CheckOut;
			sourceTree = "<group>";
		};
		CEA0CCFC2D256D69004DAF5A /* AddProduct */ = {
			isa = PBXGroup;
			children = (
				CEA0CCFB2D256D69004DAF5A /* NonAppFormController.swift */,
			);
			path = AddProduct;
			sourceTree = "<group>";
		};
		CEA0CCFE2D256D69004DAF5A /* ImpactTracker */ = {
			isa = PBXGroup;
			children = (
				CEA0CCFD2D256D69004DAF5A /* ImpactTrackerViewController.swift */,
			);
			path = ImpactTracker;
			sourceTree = "<group>";
		};
		CEA0CD002D256D69004DAF5A /* NonAppProducts */ = {
			isa = PBXGroup;
			children = (
				CEA0CCFF2D256D69004DAF5A /* NonAppProductsViewController.swift */,
			);
			path = NonAppProducts;
			sourceTree = "<group>";
		};
		CEA0CD012D256D69004DAF5A /* PIT */ = {
			isa = PBXGroup;
			children = (
				CEA0CCFC2D256D69004DAF5A /* AddProduct */,
				CEA0CCFE2D256D69004DAF5A /* ImpactTracker */,
				CEA0CD002D256D69004DAF5A /* NonAppProducts */,
			);
			path = PIT;
			sourceTree = "<group>";
		};
		CEA0CD042D256D69004DAF5A /* TabBar */ = {
			isa = PBXGroup;
			children = (
				CEA0CD022D256D69004DAF5A /* SustainTabBarController.swift */,
				CEA0CD032D256D69004DAF5A /* TabItem.swift */,
			);
			path = TabBar;
			sourceTree = "<group>";
		};
		CEA0CD052D256D69004DAF5A /* Modules */ = {
			isa = PBXGroup;
			children = (
				CEA0CCFA2D256D69004DAF5A /* CheckOut */,
				CEA0CD012D256D69004DAF5A /* PIT */,
				CEA0CD042D256D69004DAF5A /* TabBar */,
			);
			path = Modules;
			sourceTree = "<group>";
		};
		CEA0CD082D256D69004DAF5A /* MoWal Storybords */ = {
			isa = PBXGroup;
			children = (
				CEA0CD062D256D69004DAF5A /* MoPIT.storyboard */,
				CEA0CD072D256D69004DAF5A /* MoUsrChkout.storyboard */,
			);
			path = "MoWal Storybords";
			sourceTree = "<group>";
		};
		CEA0CD0C2D256D69004DAF5A /* PITControllers */ = {
			isa = PBXGroup;
			children = (
				CEA0CD092D256D69004DAF5A /* NonAppTableController.swift */,
				CEA0CD0A2D256D69004DAF5A /* PITController.swift */,
				CEA0CD0B2D256D69004DAF5A /* PITStackedCellController.swift */,
			);
			path = PITControllers;
			sourceTree = "<group>";
		};
		CEA0CD112D256D69004DAF5A /* Resources */ = {
			isa = PBXGroup;
			children = (
				CEA0CD0D2D256D69004DAF5A /* Assets.xcassets */,
				CEA0CD0E2D256D69004DAF5A /* Colors.xcassets */,
				CEA0CD0F2D256D69004DAF5A /* GoogleService-Info.plist */,
				CEA0CD102D256D69004DAF5A /* MohamedAssets.xcassets */,
			);
			path = Resources;
			sourceTree = "<group>";
		};
		CEA0CD1E2D256D69004DAF5A /* StoreControllers */ = {
			isa = PBXGroup;
			children = (
				CEA0CD132D256D69004DAF5A /* AllItemsTableViewCell.swift */,
				CEA0CD142D256D69004DAF5A /* BestSellingItemsTableViewCell.swift */,
				CEA0CD152D256D69004DAF5A /* CustomAssets.xcassets */,
				CEA0CD162D256D69004DAF5A /* DataManager.swift */,
				CEA0CD172D256D69004DAF5A /* DropdownItemCell.swift */,
				CEA0CD182D256D69004DAF5A /* HomeViewController.swift */,
				CEA0CD192D256D69004DAF5A /* ProductsViewController.swift */,
				CEA0CD1A2D256D69004DAF5A /* StoreDetailsViewController.swift */,
				CEA0CD1B2D256D69004DAF5A /* StoreInfoTableViewCell.swift */,
				CEA0CD1C2D256D69004DAF5A /* StoreTableViewCell.swift */,
				CEA0CD1D2D256D69004DAF5A /* SustainabilityPopupViewController.swift */,
			);
			path = StoreControllers;
			sourceTree = "<group>";
		};
		CEA0CD212D256D69004DAF5A /* StoryBoards */ = {
			isa = PBXGroup;
			children = (
				CEA0CD1F2D256D69004DAF5A /* CheckOut.storyboard */,
				CEA0CD202D256D69004DAF5A /* PIT.storyboard */,
			);
			path = StoryBoards;
			sourceTree = "<group>";
		};
		CEA0CD232D256D69004DAF5A /* structs */ = {
			isa = PBXGroup;
			children = (
				CEA0CD222D256D69004DAF5A /* PIT_data_types.swift */,
			);
			path = structs;
			sourceTree = "<group>";
		};
		CEA0CD292D256D69004DAF5A /* Extensions */ = {
			isa = PBXGroup;
			children = (
				CEA0CD242D256D69004DAF5A /* Date+Extension.swift */,
				CEA0CD252D256D69004DAF5A /* Double+Extension.swift */,
				CEA0CD262D256D69004DAF5A /* String+Extension.swift */,
				CEA0CD272D256D69004DAF5A /* UITableView+Extension.swift */,
				CEA0CD282D256D69004DAF5A /* UIViewController+Extension.swift */,
			);
			path = Extensions;
			sourceTree = "<group>";
		};
		CEA0CD2B2D256D69004DAF5A /* Helpers */ = {
			isa = PBXGroup;
			children = (
				CEA0CD2A2D256D69004DAF5A /* FirebaseManager.swift */,
			);
			path = Helpers;
			sourceTree = "<group>";
		};
		CEA0CD2D2D256D69004DAF5A /* IBDesignable */ = {
			isa = PBXGroup;
			children = (
				CEA0CD2C2D256D69004DAF5A /* IBDesignable.swift */,
			);
			path = IBDesignable;
			sourceTree = "<group>";
		};
		CEA0CD302D256D69004DAF5A /* Models */ = {
			isa = PBXGroup;
			children = (
				CEA0CD2E2D256D69004DAF5A /* AlertActionType.swift */,
				CEA0CD2F2D256D69004DAF5A /* AlertType.swift */,
			);
			path = Models;
			sourceTree = "<group>";
		};
		CEA0CD362D256D69004DAF5A /* Navigation */ = {
			isa = PBXGroup;
			children = (
				CEA0CD312D256D69004DAF5A /* NavigationAnimation.swift */,
				CEA0CD322D256D69004DAF5A /* NavigationIntent.swift */,
				CEA0CD332D256D69004DAF5A /* NavigationManager.swift */,
				CEA0CD342D256D69004DAF5A /* Storyboard.swift */,
				CEA0CD352D256D69004DAF5A /* StoryboardID.swift */,
			);
			path = Navigation;
			sourceTree = "<group>";
		};
		CEA0CD372D256D69004DAF5A /* Utilities */ = {
			isa = PBXGroup;
			children = (
				CEA0CD292D256D69004DAF5A /* Extensions */,
				CEA0CD2B2D256D69004DAF5A /* Helpers */,
				CEA0CD2D2D256D69004DAF5A /* IBDesignable */,
				CEA0CD302D256D69004DAF5A /* Models */,
				CEA0CD362D256D69004DAF5A /* Navigation */,
			);
			path = Utilities;
			sourceTree = "<group>";
		};
/* End PBXGroup section */

/* Begin PBXNativeTarget section */
		AC0003E92CF71F0C009EDDFD /* Sustainify */ = {
			isa = PBXNativeTarget;
			buildConfigurationList = AC0004142CF71F0F009EDDFD /* Build configuration list for PBXNativeTarget "Sustainify" */;
			buildPhases = (
				AC0003E62CF71F0C009EDDFD /* Sources */,
				AC0003E72CF71F0C009EDDFD /* Frameworks */,
				AC0003E82CF71F0C009EDDFD /* Resources */,
			);
			buildRules = (
			);
			dependencies = (
			);
			name = Sustainify;
			packageProductDependencies = (
				ACB79BDC2D1C8B8B00E3FBBB /* FirebaseAuth */,
				ACB79BDE2D1C8B8B00E3FBBB /* FirebaseCore */,
				ACB79BE02D1C8B8B00E3FBBB /* FirebaseDatabase */,
				ACB79BE22D1C8B8B00E3FBBB /* FirebaseFirestore */,
			);
			productName = Sustainify;
			productReference = AC0003EA2CF71F0C009EDDFD /* Sustainify.app */;
			productType = "com.apple.product-type.application";
		};
		AC0003FF2CF71F0F009EDDFD /* SustainifyTests */ = {
			isa = PBXNativeTarget;
			buildConfigurationList = AC0004172CF71F0F009EDDFD /* Build configuration list for PBXNativeTarget "SustainifyTests" */;
			buildPhases = (
				AC0003FC2CF71F0F009EDDFD /* Sources */,
				AC0003FD2CF71F0F009EDDFD /* Frameworks */,
				AC0003FE2CF71F0F009EDDFD /* Resources */,
			);
			buildRules = (
			);
			dependencies = (
				AC0004022CF71F0F009EDDFD /* PBXTargetDependency */,
			);
			name = SustainifyTests;
			productName = SustainifyTests;
			productReference = AC0004002CF71F0F009EDDFD /* SustainifyTests.xctest */;
			productType = "com.apple.product-type.bundle.unit-test";
		};
		AC0004092CF71F0F009EDDFD /* SustainifyUITests */ = {
			isa = PBXNativeTarget;
			buildConfigurationList = AC00041A2CF71F0F009EDDFD /* Build configuration list for PBXNativeTarget "SustainifyUITests" */;
			buildPhases = (
				AC0004062CF71F0F009EDDFD /* Sources */,
				AC0004072CF71F0F009EDDFD /* Frameworks */,
				AC0004082CF71F0F009EDDFD /* Resources */,
			);
			buildRules = (
			);
			dependencies = (
				AC00040C2CF71F0F009EDDFD /* PBXTargetDependency */,
			);
			name = SustainifyUITests;
			productName = SustainifyUITests;
			productReference = AC00040A2CF71F0F009EDDFD /* SustainifyUITests.xctest */;
			productType = "com.apple.product-type.bundle.ui-testing";
		};
/* End PBXNativeTarget section */

/* Begin PBXProject section */
		AC0003E22CF71F0C009EDDFD /* Project object */ = {
			isa = PBXProject;
			attributes = {
				BuildIndependentTargetsInParallel = 1;
				LastSwiftUpdateCheck = 1520;
				LastUpgradeCheck = 1620;
				TargetAttributes = {
					AC0003E92CF71F0C009EDDFD = {
						CreatedOnToolsVersion = 15.2;
						LastSwiftMigration = 1520;
					};
					AC0003FF2CF71F0F009EDDFD = {
						CreatedOnToolsVersion = 15.2;
						TestTargetID = AC0003E92CF71F0C009EDDFD;
					};
					AC0004092CF71F0F009EDDFD = {
						CreatedOnToolsVersion = 15.2;
						TestTargetID = AC0003E92CF71F0C009EDDFD;
					};
				};
			};
			buildConfigurationList = AC0003E52CF71F0C009EDDFD /* Build configuration list for PBXProject "Sustainify" */;
			compatibilityVersion = "Xcode 14.0";
			developmentRegion = en;
			hasScannedForEncodings = 0;
			knownRegions = (
				en,
				Base,
			);
			mainGroup = AC0003E12CF71F0C009EDDFD;
			packageReferences = (
				ACB79BDB2D1C8B8B00E3FBBB /* XCRemoteSwiftPackageReference "firebase-ios-sdk" */,
			);
			productRefGroup = AC0003EB2CF71F0C009EDDFD /* Products */;
			projectDirPath = "";
			projectRoot = "";
			targets = (
				AC0003E92CF71F0C009EDDFD /* Sustainify */,
				AC0003FF2CF71F0F009EDDFD /* SustainifyTests */,
				AC0004092CF71F0F009EDDFD /* SustainifyUITests */,
			);
		};
/* End PBXProject section */

/* Begin PBXResourcesBuildPhase section */
		AC0003E82CF71F0C009EDDFD /* Resources */ = {
			isa = PBXResourcesBuildPhase;
			buildActionMask = 2147483647;
			files = (
				CEA0CD6E2D256D69004DAF5A /* LaunchScreen.storyboard in Resources */,
				CEA0CD6F2D256D69004DAF5A /* MoPIT.storyboard in Resources */,
				CEA0CD702D256D69004DAF5A /* PriceBreakdownCell.xib in Resources */,
				CEA0CD722D256D69004DAF5A /* CartTableCell.xib in Resources */,
				CEA0CD732D256D69004DAF5A /* ProductCell.xib in Resources */,
				CEA0CD742D256D69004DAF5A /* MohamedAssets.xcassets in Resources */,
				CEA0CD752D256D69004DAF5A /* PaymentMethodCell.xib in Resources */,
				CEA0CD762D256D69004DAF5A /* Main.storyboard in Resources */,
				CEA0CD772D256D69004DAF5A /* DeliveryAddressCell.xib in Resources */,
				CEA0CD782D256D69004DAF5A /* GoogleService-Info.plist in Resources */,
				CEA0CD792D256D69004DAF5A /* MoUsrChkout.storyboard in Resources */,
				CEA0CD7A2D256D69004DAF5A /* CheckOut.storyboard in Resources */,
				CEA0CD7B2D256D69004DAF5A /* PIT.storyboard in Resources */,
				CEA0CD7C2D256D69004DAF5A /* Assets.xcassets in Resources */,
				CEA0CD7D2D256D69004DAF5A /* Colors.xcassets in Resources */,
				CEA0CD7E2D256D69004DAF5A /* CustomAssets.xcassets in Resources */,
			);
			runOnlyForDeploymentPostprocessing = 0;
		};
		AC0003FE2CF71F0F009EDDFD /* Resources */ = {
			isa = PBXResourcesBuildPhase;
			buildActionMask = 2147483647;
			files = (
			);
			runOnlyForDeploymentPostprocessing = 0;
		};
		AC0004082CF71F0F009EDDFD /* Resources */ = {
			isa = PBXResourcesBuildPhase;
			buildActionMask = 2147483647;
			files = (
			);
			runOnlyForDeploymentPostprocessing = 0;
		};
/* End PBXResourcesBuildPhase section */

/* Begin PBXSourcesBuildPhase section */
		AC0003E62CF71F0C009EDDFD /* Sources */ = {
			isa = PBXSourcesBuildPhase;
			buildActionMask = 2147483647;
			files = (
				CEA0CD392D256D69004DAF5A /* AllItemsTableViewCell.swift in Sources */,
				CEA0CD3A2D256D69004DAF5A /* IBDesignable.swift in Sources */,
				CEA0CD3B2D256D69004DAF5A /* Tag.swift in Sources */,
				CEA0CD3C2D256D69004DAF5A /* SustainTabBarController.swift in Sources */,
				CEA0CD3D2D256D69004DAF5A /* ViewController.swift in Sources */,
				CEA0CD3E2D256D69004DAF5A /* NavigationAnimation.swift in Sources */,
				CEA0CD3F2D256D69004DAF5A /* StoreInfoTableViewCell.swift in Sources */,
				CEA0CD402D256D69004DAF5A /* SceneDelegate.swift in Sources */,
				CEA0CD412D256D69004DAF5A /* SustainabilityPopupViewController.swift in Sources */,
				CEA0CD422D256D69004DAF5A /* PITStackedCellController.swift in Sources */,
				CEA0CD432D256D69004DAF5A /* DeliveryAddressCell.swift in Sources */,
				CEA0CD442D256D69004DAF5A /* ImpactTrackerViewController.swift in Sources */,
				CEA0CD452D256D69004DAF5A /* ProductDetailsViewController.swift in Sources */,
				CEA0CD462D256D69004DAF5A /* CartTableCell.swift in Sources */,
				CEA0CD472D256D69004DAF5A /* TagsTableViewCell.swift in Sources */,
				CEA0CD482D256D69004DAF5A /* StoreTableViewCell.swift in Sources */,
				CEA0CD492D256D69004DAF5A /* Date+Extension.swift in Sources */,
				CEA0CD4A2D256D69004DAF5A /* NavigationManager.swift in Sources */,
				CEA0CD4B2D256D69004DAF5A /* PaymentMethodCell.swift in Sources */,
				CEA0CD4C2D256D69004DAF5A /* ProductCell.swift in Sources */,
				CEA0CD4D2D256D69004DAF5A /* Voucher.swift in Sources */,
				CEA0CD4E2D256D69004DAF5A /* CartViewController.swift in Sources */,
				CEA0CD4F2D256D69004DAF5A /* HomeViewController.swift in Sources */,
				CEA0CD502D256D69004DAF5A /* UITableView+Extension.swift in Sources */,
				CEA0CD512D256D69004DAF5A /* AppDelegate.swift in Sources */,
				CEA0CD522D256D69004DAF5A /* AlertType.swift in Sources */,
				CEA0CD532D256D69004DAF5A /* ProductViewController.swift in Sources */,
				CEA0CD542D256D69004DAF5A /* PIT_data_types.swift in Sources */,
				CEA0CD552D256D69004DAF5A /* PaymentMethod.swift in Sources */,
				CEA0CD562D256D69004DAF5A /* DeliveryController.swift in Sources */,
				CEA0CD572D256D69004DAF5A /* AlertActionType.swift in Sources */,
				CEA0CD582D256D69004DAF5A /* BestSellingItemsTableViewCell.swift in Sources */,
				CEA0CD592D256D69004DAF5A /* NonAppTableController.swift in Sources */,
				CEA0CD5A2D256D69004DAF5A /* PITController.swift in Sources */,
				CEA0CD5B2D256D69004DAF5A /* Double+Extension.swift in Sources */,
				CEA0CD5C2D256D69004DAF5A /* ProductsViewController.swift in Sources */,
				CEA0CD5D2D256D69004DAF5A /* String+Extension.swift in Sources */,
				CEA0CD5E2D256D69004DAF5A /* DropdownItemCell.swift in Sources */,
				CEA0CD5F2D256D69004DAF5A /* RetailStore.swift in Sources */,
				CEA0CD602D256D69004DAF5A /* NonAppFormController.swift in Sources */,
				CEA0CD612D256D69004DAF5A /* FirebaseManager.swift in Sources */,
				CEA0CD622D256D69004DAF5A /* TabItem.swift in Sources */,
				CEA0CD632D256D69004DAF5A /* Product.swift in Sources */,
				CEA0CD642D256D69004DAF5A /* NonAppProductsViewController.swift in Sources */,
				CEA0CD652D256D69004DAF5A /* DataManager.swift in Sources */,
				CEA0CD662D256D69004DAF5A /* PriceBreakdownCell.swift in Sources */,
				CEA0CD672D256D69004DAF5A /* Storyboard.swift in Sources */,
				CEA0CD682D256D69004DAF5A /* StoryboardID.swift in Sources */,
				CEA0CD692D256D69004DAF5A /* UIViewController+Extension.swift in Sources */,
				CEA0CD6A2D256D69004DAF5A /* FontManager.swift in Sources */,
				CEA0CD6B2D256D69004DAF5A /* CheckOutViewController.swift in Sources */,
				CEA0CD6C2D256D69004DAF5A /* StoreDetailsViewController.swift in Sources */,
				CEA0CD6D2D256D69004DAF5A /* NavigationIntent.swift in Sources */,
			);
			runOnlyForDeploymentPostprocessing = 0;
		};
		AC0003FC2CF71F0F009EDDFD /* Sources */ = {
			isa = PBXSourcesBuildPhase;
			buildActionMask = 2147483647;
			files = (
				AC0004052CF71F0F009EDDFD /* SustainifyTests.swift in Sources */,
			);
			runOnlyForDeploymentPostprocessing = 0;
		};
		AC0004062CF71F0F009EDDFD /* Sources */ = {
			isa = PBXSourcesBuildPhase;
			buildActionMask = 2147483647;
			files = (
				AC00040F2CF71F0F009EDDFD /* SustainifyUITests.swift in Sources */,
				AC0004112CF71F0F009EDDFD /* SustainifyUITestsLaunchTests.swift in Sources */,
			);
			runOnlyForDeploymentPostprocessing = 0;
		};
/* End PBXSourcesBuildPhase section */

/* Begin PBXTargetDependency section */
		AC0004022CF71F0F009EDDFD /* PBXTargetDependency */ = {
			isa = PBXTargetDependency;
			target = AC0003E92CF71F0C009EDDFD /* Sustainify */;
			targetProxy = AC0004012CF71F0F009EDDFD /* PBXContainerItemProxy */;
		};
		AC00040C2CF71F0F009EDDFD /* PBXTargetDependency */ = {
			isa = PBXTargetDependency;
			target = AC0003E92CF71F0C009EDDFD /* Sustainify */;
			targetProxy = AC00040B2CF71F0F009EDDFD /* PBXContainerItemProxy */;
		};
/* End PBXTargetDependency section */

/* Begin XCBuildConfiguration section */
		AC0004122CF71F0F009EDDFD /* Debug */ = {
			isa = XCBuildConfiguration;
			buildSettings = {
				ALWAYS_SEARCH_USER_PATHS = NO;
				ASSETCATALOG_COMPILER_GENERATE_SWIFT_ASSET_SYMBOL_EXTENSIONS = YES;
				CLANG_ANALYZER_NONNULL = YES;
				CLANG_ANALYZER_NUMBER_OBJECT_CONVERSION = YES_AGGRESSIVE;
				CLANG_CXX_LANGUAGE_STANDARD = "gnu++20";
				CLANG_ENABLE_MODULES = YES;
				CLANG_ENABLE_OBJC_ARC = YES;
				CLANG_ENABLE_OBJC_WEAK = YES;
				CLANG_WARN_BLOCK_CAPTURE_AUTORELEASING = YES;
				CLANG_WARN_BOOL_CONVERSION = YES;
				CLANG_WARN_COMMA = YES;
				CLANG_WARN_CONSTANT_CONVERSION = YES;
				CLANG_WARN_DEPRECATED_OBJC_IMPLEMENTATIONS = YES;
				CLANG_WARN_DIRECT_OBJC_ISA_USAGE = YES_ERROR;
				CLANG_WARN_DOCUMENTATION_COMMENTS = YES;
				CLANG_WARN_EMPTY_BODY = YES;
				CLANG_WARN_ENUM_CONVERSION = YES;
				CLANG_WARN_INFINITE_RECURSION = YES;
				CLANG_WARN_INT_CONVERSION = YES;
				CLANG_WARN_NON_LITERAL_NULL_CONVERSION = YES;
				CLANG_WARN_OBJC_IMPLICIT_RETAIN_SELF = YES;
				CLANG_WARN_OBJC_LITERAL_CONVERSION = YES;
				CLANG_WARN_OBJC_ROOT_CLASS = YES_ERROR;
				CLANG_WARN_QUOTED_INCLUDE_IN_FRAMEWORK_HEADER = YES;
				CLANG_WARN_RANGE_LOOP_ANALYSIS = YES;
				CLANG_WARN_STRICT_PROTOTYPES = YES;
				CLANG_WARN_SUSPICIOUS_MOVE = YES;
				CLANG_WARN_UNGUARDED_AVAILABILITY = YES_AGGRESSIVE;
				CLANG_WARN_UNREACHABLE_CODE = YES;
				CLANG_WARN__DUPLICATE_METHOD_MATCH = YES;
				COPY_PHASE_STRIP = NO;
				DEBUG_INFORMATION_FORMAT = dwarf;
				ENABLE_STRICT_OBJC_MSGSEND = YES;
				ENABLE_TESTABILITY = YES;
				ENABLE_USER_SCRIPT_SANDBOXING = YES;
				GCC_C_LANGUAGE_STANDARD = gnu17;
				GCC_DYNAMIC_NO_PIC = NO;
				GCC_NO_COMMON_BLOCKS = YES;
				GCC_OPTIMIZATION_LEVEL = 0;
				GCC_PREPROCESSOR_DEFINITIONS = (
					"DEBUG=1",
					"$(inherited)",
				);
				GCC_WARN_64_TO_32_BIT_CONVERSION = YES;
				GCC_WARN_ABOUT_RETURN_TYPE = YES_ERROR;
				GCC_WARN_UNDECLARED_SELECTOR = YES;
				GCC_WARN_UNINITIALIZED_AUTOS = YES_AGGRESSIVE;
				GCC_WARN_UNUSED_FUNCTION = YES;
				GCC_WARN_UNUSED_VARIABLE = YES;
				IPHONEOS_DEPLOYMENT_TARGET = 17.2;
				LOCALIZATION_PREFERS_STRING_CATALOGS = YES;
				MTL_ENABLE_DEBUG_INFO = INCLUDE_SOURCE;
				MTL_FAST_MATH = YES;
				ONLY_ACTIVE_ARCH = YES;
				SDKROOT = iphoneos;
				SWIFT_ACTIVE_COMPILATION_CONDITIONS = "DEBUG $(inherited)";
				SWIFT_OPTIMIZATION_LEVEL = "-Onone";
			};
			name = Debug;
		};
		AC0004132CF71F0F009EDDFD /* Release */ = {
			isa = XCBuildConfiguration;
			buildSettings = {
				ALWAYS_SEARCH_USER_PATHS = NO;
				ASSETCATALOG_COMPILER_GENERATE_SWIFT_ASSET_SYMBOL_EXTENSIONS = YES;
				CLANG_ANALYZER_NONNULL = YES;
				CLANG_ANALYZER_NUMBER_OBJECT_CONVERSION = YES_AGGRESSIVE;
				CLANG_CXX_LANGUAGE_STANDARD = "gnu++20";
				CLANG_ENABLE_MODULES = YES;
				CLANG_ENABLE_OBJC_ARC = YES;
				CLANG_ENABLE_OBJC_WEAK = YES;
				CLANG_WARN_BLOCK_CAPTURE_AUTORELEASING = YES;
				CLANG_WARN_BOOL_CONVERSION = YES;
				CLANG_WARN_COMMA = YES;
				CLANG_WARN_CONSTANT_CONVERSION = YES;
				CLANG_WARN_DEPRECATED_OBJC_IMPLEMENTATIONS = YES;
				CLANG_WARN_DIRECT_OBJC_ISA_USAGE = YES_ERROR;
				CLANG_WARN_DOCUMENTATION_COMMENTS = YES;
				CLANG_WARN_EMPTY_BODY = YES;
				CLANG_WARN_ENUM_CONVERSION = YES;
				CLANG_WARN_INFINITE_RECURSION = YES;
				CLANG_WARN_INT_CONVERSION = YES;
				CLANG_WARN_NON_LITERAL_NULL_CONVERSION = YES;
				CLANG_WARN_OBJC_IMPLICIT_RETAIN_SELF = YES;
				CLANG_WARN_OBJC_LITERAL_CONVERSION = YES;
				CLANG_WARN_OBJC_ROOT_CLASS = YES_ERROR;
				CLANG_WARN_QUOTED_INCLUDE_IN_FRAMEWORK_HEADER = YES;
				CLANG_WARN_RANGE_LOOP_ANALYSIS = YES;
				CLANG_WARN_STRICT_PROTOTYPES = YES;
				CLANG_WARN_SUSPICIOUS_MOVE = YES;
				CLANG_WARN_UNGUARDED_AVAILABILITY = YES_AGGRESSIVE;
				CLANG_WARN_UNREACHABLE_CODE = YES;
				CLANG_WARN__DUPLICATE_METHOD_MATCH = YES;
				COPY_PHASE_STRIP = NO;
				DEBUG_INFORMATION_FORMAT = "dwarf-with-dsym";
				ENABLE_NS_ASSERTIONS = NO;
				ENABLE_STRICT_OBJC_MSGSEND = YES;
				ENABLE_USER_SCRIPT_SANDBOXING = YES;
				GCC_C_LANGUAGE_STANDARD = gnu17;
				GCC_NO_COMMON_BLOCKS = YES;
				GCC_WARN_64_TO_32_BIT_CONVERSION = YES;
				GCC_WARN_ABOUT_RETURN_TYPE = YES_ERROR;
				GCC_WARN_UNDECLARED_SELECTOR = YES;
				GCC_WARN_UNINITIALIZED_AUTOS = YES_AGGRESSIVE;
				GCC_WARN_UNUSED_FUNCTION = YES;
				GCC_WARN_UNUSED_VARIABLE = YES;
				IPHONEOS_DEPLOYMENT_TARGET = 17.2;
				LOCALIZATION_PREFERS_STRING_CATALOGS = YES;
				MTL_ENABLE_DEBUG_INFO = NO;
				MTL_FAST_MATH = YES;
				SDKROOT = iphoneos;
				SWIFT_COMPILATION_MODE = wholemodule;
				VALIDATE_PRODUCT = YES;
			};
			name = Release;
		};
		AC0004152CF71F0F009EDDFD /* Debug */ = {
			isa = XCBuildConfiguration;
			buildSettings = {
				ASSETCATALOG_COMPILER_APPICON_NAME = AppIcon;
				ASSETCATALOG_COMPILER_GLOBAL_ACCENT_COLOR_NAME = AccentColor;
				CLANG_ENABLE_MODULES = YES;
				CODE_SIGN_STYLE = Automatic;
				CURRENT_PROJECT_VERSION = 1;
				GENERATE_INFOPLIST_FILE = YES;
				INFOPLIST_FILE = Sustainify/Info.plist;
				INFOPLIST_KEY_UIApplicationSupportsIndirectInputEvents = YES;
				INFOPLIST_KEY_UILaunchStoryboardName = LaunchScreen;
				INFOPLIST_KEY_UIMainStoryboardFile = Main;
				INFOPLIST_KEY_UISupportedInterfaceOrientations_iPad = "UIInterfaceOrientationPortrait UIInterfaceOrientationPortraitUpsideDown UIInterfaceOrientationLandscapeLeft UIInterfaceOrientationLandscapeRight";
				INFOPLIST_KEY_UISupportedInterfaceOrientations_iPhone = "UIInterfaceOrientationPortrait UIInterfaceOrientationLandscapeLeft UIInterfaceOrientationLandscapeRight";
				LD_RUNPATH_SEARCH_PATHS = (
					"$(inherited)",
					"@executable_path/Frameworks",
				);
				MARKETING_VERSION = 1.0;
				PRODUCT_BUNDLE_IDENTIFIER = Polytechnic.Sustainify;
				PRODUCT_NAME = "$(TARGET_NAME)";
				SWIFT_EMIT_LOC_STRINGS = YES;
				SWIFT_OPTIMIZATION_LEVEL = "-Onone";
				SWIFT_VERSION = 5.0;
				TARGETED_DEVICE_FAMILY = "1,2";
			};
			name = Debug;
		};
		AC0004162CF71F0F009EDDFD /* Release */ = {
			isa = XCBuildConfiguration;
			buildSettings = {
				ASSETCATALOG_COMPILER_APPICON_NAME = AppIcon;
				ASSETCATALOG_COMPILER_GLOBAL_ACCENT_COLOR_NAME = AccentColor;
				CLANG_ENABLE_MODULES = YES;
				CODE_SIGN_STYLE = Automatic;
				CURRENT_PROJECT_VERSION = 1;
				GENERATE_INFOPLIST_FILE = YES;
				INFOPLIST_FILE = Sustainify/Info.plist;
				INFOPLIST_KEY_UIApplicationSupportsIndirectInputEvents = YES;
				INFOPLIST_KEY_UILaunchStoryboardName = LaunchScreen;
				INFOPLIST_KEY_UIMainStoryboardFile = Main;
				INFOPLIST_KEY_UISupportedInterfaceOrientations_iPad = "UIInterfaceOrientationPortrait UIInterfaceOrientationPortraitUpsideDown UIInterfaceOrientationLandscapeLeft UIInterfaceOrientationLandscapeRight";
				INFOPLIST_KEY_UISupportedInterfaceOrientations_iPhone = "UIInterfaceOrientationPortrait UIInterfaceOrientationLandscapeLeft UIInterfaceOrientationLandscapeRight";
				LD_RUNPATH_SEARCH_PATHS = (
					"$(inherited)",
					"@executable_path/Frameworks",
				);
				MARKETING_VERSION = 1.0;
				PRODUCT_BUNDLE_IDENTIFIER = Polytechnic.Sustainify;
				PRODUCT_NAME = "$(TARGET_NAME)";
				SWIFT_EMIT_LOC_STRINGS = YES;
				SWIFT_VERSION = 5.0;
				TARGETED_DEVICE_FAMILY = "1,2";
			};
			name = Release;
		};
		AC0004182CF71F0F009EDDFD /* Debug */ = {
			isa = XCBuildConfiguration;
			buildSettings = {
				BUNDLE_LOADER = "$(TEST_HOST)";
				CODE_SIGN_STYLE = Automatic;
				CURRENT_PROJECT_VERSION = 1;
				GENERATE_INFOPLIST_FILE = YES;
				IPHONEOS_DEPLOYMENT_TARGET = 17.2;
				MARKETING_VERSION = 1.0;
				PRODUCT_BUNDLE_IDENTIFIER = Polytechnic.SustainifyTests;
				PRODUCT_NAME = "$(TARGET_NAME)";
				SWIFT_EMIT_LOC_STRINGS = NO;
				SWIFT_VERSION = 5.0;
				TARGETED_DEVICE_FAMILY = "1,2";
				TEST_HOST = "$(BUILT_PRODUCTS_DIR)/Sustainify.app/$(BUNDLE_EXECUTABLE_FOLDER_PATH)/Sustainify";
			};
			name = Debug;
		};
		AC0004192CF71F0F009EDDFD /* Release */ = {
			isa = XCBuildConfiguration;
			buildSettings = {
				BUNDLE_LOADER = "$(TEST_HOST)";
				CODE_SIGN_STYLE = Automatic;
				CURRENT_PROJECT_VERSION = 1;
				GENERATE_INFOPLIST_FILE = YES;
				IPHONEOS_DEPLOYMENT_TARGET = 17.2;
				MARKETING_VERSION = 1.0;
				PRODUCT_BUNDLE_IDENTIFIER = Polytechnic.SustainifyTests;
				PRODUCT_NAME = "$(TARGET_NAME)";
				SWIFT_EMIT_LOC_STRINGS = NO;
				SWIFT_VERSION = 5.0;
				TARGETED_DEVICE_FAMILY = "1,2";
				TEST_HOST = "$(BUILT_PRODUCTS_DIR)/Sustainify.app/$(BUNDLE_EXECUTABLE_FOLDER_PATH)/Sustainify";
			};
			name = Release;
		};
		AC00041B2CF71F0F009EDDFD /* Debug */ = {
			isa = XCBuildConfiguration;
			buildSettings = {
				CODE_SIGN_STYLE = Automatic;
				CURRENT_PROJECT_VERSION = 1;
				GENERATE_INFOPLIST_FILE = YES;
				MARKETING_VERSION = 1.0;
				PRODUCT_BUNDLE_IDENTIFIER = Polytechnic.SustainifyUITests;
				PRODUCT_NAME = "$(TARGET_NAME)";
				SWIFT_EMIT_LOC_STRINGS = NO;
				SWIFT_VERSION = 5.0;
				TARGETED_DEVICE_FAMILY = "1,2";
				TEST_TARGET_NAME = Sustainify;
			};
			name = Debug;
		};
		AC00041C2CF71F0F009EDDFD /* Release */ = {
			isa = XCBuildConfiguration;
			buildSettings = {
				CODE_SIGN_STYLE = Automatic;
				CURRENT_PROJECT_VERSION = 1;
				GENERATE_INFOPLIST_FILE = YES;
				MARKETING_VERSION = 1.0;
				PRODUCT_BUNDLE_IDENTIFIER = Polytechnic.SustainifyUITests;
				PRODUCT_NAME = "$(TARGET_NAME)";
				SWIFT_EMIT_LOC_STRINGS = NO;
				SWIFT_VERSION = 5.0;
				TARGETED_DEVICE_FAMILY = "1,2";
				TEST_TARGET_NAME = Sustainify;
			};
			name = Release;
		};
/* End XCBuildConfiguration section */

/* Begin XCConfigurationList section */
		AC0003E52CF71F0C009EDDFD /* Build configuration list for PBXProject "Sustainify" */ = {
			isa = XCConfigurationList;
			buildConfigurations = (
				AC0004122CF71F0F009EDDFD /* Debug */,
				AC0004132CF71F0F009EDDFD /* Release */,
			);
			defaultConfigurationIsVisible = 0;
			defaultConfigurationName = Release;
		};
		AC0004142CF71F0F009EDDFD /* Build configuration list for PBXNativeTarget "Sustainify" */ = {
			isa = XCConfigurationList;
			buildConfigurations = (
				AC0004152CF71F0F009EDDFD /* Debug */,
				AC0004162CF71F0F009EDDFD /* Release */,
			);
			defaultConfigurationIsVisible = 0;
			defaultConfigurationName = Release;
		};
		AC0004172CF71F0F009EDDFD /* Build configuration list for PBXNativeTarget "SustainifyTests" */ = {
			isa = XCConfigurationList;
			buildConfigurations = (
				AC0004182CF71F0F009EDDFD /* Debug */,
				AC0004192CF71F0F009EDDFD /* Release */,
			);
			defaultConfigurationIsVisible = 0;
			defaultConfigurationName = Release;
		};
		AC00041A2CF71F0F009EDDFD /* Build configuration list for PBXNativeTarget "SustainifyUITests" */ = {
			isa = XCConfigurationList;
			buildConfigurations = (
				AC00041B2CF71F0F009EDDFD /* Debug */,
				AC00041C2CF71F0F009EDDFD /* Release */,
			);
			defaultConfigurationIsVisible = 0;
			defaultConfigurationName = Release;
		};
/* End XCConfigurationList section */

/* Begin XCRemoteSwiftPackageReference section */
		ACB79BDB2D1C8B8B00E3FBBB /* XCRemoteSwiftPackageReference "firebase-ios-sdk" */ = {
			isa = XCRemoteSwiftPackageReference;
			repositoryURL = "https://github.com/firebase/firebase-ios-sdk";
			requirement = {
				kind = upToNextMajorVersion;
				minimumVersion = 11.6.0;
			};
		};
/* End XCRemoteSwiftPackageReference section */

/* Begin XCSwiftPackageProductDependency section */
		ACB79BDC2D1C8B8B00E3FBBB /* FirebaseAuth */ = {
			isa = XCSwiftPackageProductDependency;
			package = ACB79BDB2D1C8B8B00E3FBBB /* XCRemoteSwiftPackageReference "firebase-ios-sdk" */;
			productName = FirebaseAuth;
		};
		ACB79BDE2D1C8B8B00E3FBBB /* FirebaseCore */ = {
			isa = XCSwiftPackageProductDependency;
			package = ACB79BDB2D1C8B8B00E3FBBB /* XCRemoteSwiftPackageReference "firebase-ios-sdk" */;
			productName = FirebaseCore;
		};
		ACB79BE02D1C8B8B00E3FBBB /* FirebaseDatabase */ = {
			isa = XCSwiftPackageProductDependency;
			package = ACB79BDB2D1C8B8B00E3FBBB /* XCRemoteSwiftPackageReference "firebase-ios-sdk" */;
			productName = FirebaseDatabase;
		};
		ACB79BE22D1C8B8B00E3FBBB /* FirebaseFirestore */ = {
			isa = XCSwiftPackageProductDependency;
			package = ACB79BDB2D1C8B8B00E3FBBB /* XCRemoteSwiftPackageReference "firebase-ios-sdk" */;
			productName = FirebaseFirestore;
		};
/* End XCSwiftPackageProductDependency section */
	};
	rootObject = AC0003E22CF71F0C009EDDFD /* Project object */;
}
